// !$*UTF8*$!
{
	archiveVersion = 1;
	classes = {
	};
	objectVersion = 46;
	objects = {

/* Begin PBXBuildFile section */
		37338B29197A355D00E663AA /* Foundation.framework in Frameworks */ = {isa = PBXBuildFile; fileRef = 37338B28197A355D00E663AA /* Foundation.framework */; };
		37338B2B197A355D00E663AA /* CoreGraphics.framework in Frameworks */ = {isa = PBXBuildFile; fileRef = 37338B2A197A355D00E663AA /* CoreGraphics.framework */; };
		37338B2D197A355D00E663AA /* UIKit.framework in Frameworks */ = {isa = PBXBuildFile; fileRef = 37338B2C197A355D00E663AA /* UIKit.framework */; };
		37338B2F197A355D00E663AA /* SpriteKit.framework in Frameworks */ = {isa = PBXBuildFile; fileRef = 37338B2E197A355D00E663AA /* SpriteKit.framework */; };
		37338B35197A355D00E663AA /* InfoPlist.strings in Resources */ = {isa = PBXBuildFile; fileRef = 37338B33197A355D00E663AA /* InfoPlist.strings */; };
		37338B37197A355D00E663AA /* main.m in Sources */ = {isa = PBXBuildFile; fileRef = 37338B36197A355D00E663AA /* main.m */; };
		37338B3B197A355D00E663AA /* AppDelegate.m in Sources */ = {isa = PBXBuildFile; fileRef = 37338B3A197A355D00E663AA /* AppDelegate.m */; };
		37338B3E197A355D00E663AA /* Main.storyboard in Resources */ = {isa = PBXBuildFile; fileRef = 37338B3C197A355D00E663AA /* Main.storyboard */; };
		37338B41197A355D00E663AA /* ViewController.m in Sources */ = {isa = PBXBuildFile; fileRef = 37338B40197A355D00E663AA /* ViewController.m */; };
		37338B44197A355D00E663AA /* MyScene.m in Sources */ = {isa = PBXBuildFile; fileRef = 37338B43197A355D00E663AA /* MyScene.m */; };
		37338B46197A355D00E663AA /* Spaceship.png in Resources */ = {isa = PBXBuildFile; fileRef = 37338B45197A355D00E663AA /* Spaceship.png */; };
		37338B48197A355D00E663AA /* Images.xcassets in Resources */ = {isa = PBXBuildFile; fileRef = 37338B47197A355D00E663AA /* Images.xcassets */; };
		37338B4F197A355D00E663AA /* XCTest.framework in Frameworks */ = {isa = PBXBuildFile; fileRef = 37338B4E197A355D00E663AA /* XCTest.framework */; };
		37338B50197A355D00E663AA /* Foundation.framework in Frameworks */ = {isa = PBXBuildFile; fileRef = 37338B28197A355D00E663AA /* Foundation.framework */; };
		37338B51197A355D00E663AA /* UIKit.framework in Frameworks */ = {isa = PBXBuildFile; fileRef = 37338B2C197A355D00E663AA /* UIKit.framework */; };
		37338B59197A355D00E663AA /* InfoPlist.strings in Resources */ = {isa = PBXBuildFile; fileRef = 37338B57197A355D00E663AA /* InfoPlist.strings */; };
		37338B5B197A355D00E663AA /* EHAnimatableNumberLabelTests.m in Sources */ = {isa = PBXBuildFile; fileRef = 37338B5A197A355D00E663AA /* EHAnimatableNumberLabelTests.m */; };
/* End PBXBuildFile section */

/* Begin PBXContainerItemProxy section */
		37338B52197A355D00E663AA /* PBXContainerItemProxy */ = {
			isa = PBXContainerItemProxy;
			containerPortal = 37338B1D197A355D00E663AA /* Project object */;
			proxyType = 1;
			remoteGlobalIDString = 37338B24197A355D00E663AA;
			remoteInfo = EHAnimatableNumberLabel;
		};
/* End PBXContainerItemProxy section */

/* Begin PBXFileReference section */
		37338B25197A355D00E663AA /* EHAnimatableNumberLabel.app */ = {isa = PBXFileReference; explicitFileType = wrapper.application; includeInIndex = 0; path = EHAnimatableNumberLabel.app; sourceTree = BUILT_PRODUCTS_DIR; };
		37338B28197A355D00E663AA /* Foundation.framework */ = {isa = PBXFileReference; lastKnownFileType = wrapper.framework; name = Foundation.framework; path = System/Library/Frameworks/Foundation.framework; sourceTree = SDKROOT; };
		37338B2A197A355D00E663AA /* CoreGraphics.framework */ = {isa = PBXFileReference; lastKnownFileType = wrapper.framework; name = CoreGraphics.framework; path = System/Library/Frameworks/CoreGraphics.framework; sourceTree = SDKROOT; };
		37338B2C197A355D00E663AA /* UIKit.framework */ = {isa = PBXFileReference; lastKnownFileType = wrapper.framework; name = UIKit.framework; path = System/Library/Frameworks/UIKit.framework; sourceTree = SDKROOT; };
		37338B2E197A355D00E663AA /* SpriteKit.framework */ = {isa = PBXFileReference; lastKnownFileType = wrapper.framework; name = SpriteKit.framework; path = System/Library/Frameworks/SpriteKit.framework; sourceTree = SDKROOT; };
		37338B32197A355D00E663AA /* EHAnimatableNumberLabel-Info.plist */ = {isa = PBXFileReference; lastKnownFileType = text.plist.xml; path = "EHAnimatableNumberLabel-Info.plist"; sourceTree = "<group>"; };
		37338B34197A355D00E663AA /* en */ = {isa = PBXFileReference; lastKnownFileType = text.plist.strings; name = en; path = en.lproj/InfoPlist.strings; sourceTree = "<group>"; };
		37338B36197A355D00E663AA /* main.m */ = {isa = PBXFileReference; lastKnownFileType = sourcecode.c.objc; path = main.m; sourceTree = "<group>"; };
		37338B38197A355D00E663AA /* EHAnimatableNumberLabel-Prefix.pch */ = {isa = PBXFileReference; lastKnownFileType = sourcecode.c.h; path = "EHAnimatableNumberLabel-Prefix.pch"; sourceTree = "<group>"; };
		37338B39197A355D00E663AA /* AppDelegate.h */ = {isa = PBXFileReference; lastKnownFileType = sourcecode.c.h; path = AppDelegate.h; sourceTree = "<group>"; };
		37338B3A197A355D00E663AA /* AppDelegate.m */ = {isa = PBXFileReference; lastKnownFileType = sourcecode.c.objc; path = AppDelegate.m; sourceTree = "<group>"; };
		37338B3D197A355D00E663AA /* Base */ = {isa = PBXFileReference; lastKnownFileType = file.storyboard; name = Base; path = Base.lproj/Main.storyboard; sourceTree = "<group>"; };
		37338B3F197A355D00E663AA /* ViewController.h */ = {isa = PBXFileReference; lastKnownFileType = sourcecode.c.h; path = ViewController.h; sourceTree = "<group>"; };
		37338B40197A355D00E663AA /* ViewController.m */ = {isa = PBXFileReference; lastKnownFileType = sourcecode.c.objc; path = ViewController.m; sourceTree = "<group>"; };
		37338B42197A355D00E663AA /* MyScene.h */ = {isa = PBXFileReference; lastKnownFileType = sourcecode.c.h; path = MyScene.h; sourceTree = "<group>"; };
		37338B43197A355D00E663AA /* MyScene.m */ = {isa = PBXFileReference; lastKnownFileType = sourcecode.c.objc; path = MyScene.m; sourceTree = "<group>"; };
		37338B45197A355D00E663AA /* Spaceship.png */ = {isa = PBXFileReference; lastKnownFileType = image.png; path = Spaceship.png; sourceTree = "<group>"; };
		37338B47197A355D00E663AA /* Images.xcassets */ = {isa = PBXFileReference; lastKnownFileType = folder.assetcatalog; path = Images.xcassets; sourceTree = "<group>"; };
		37338B4D197A355D00E663AA /* EHAnimatableNumberLabelTests.xctest */ = {isa = PBXFileReference; explicitFileType = wrapper.cfbundle; includeInIndex = 0; path = EHAnimatableNumberLabelTests.xctest; sourceTree = BUILT_PRODUCTS_DIR; };
		37338B4E197A355D00E663AA /* XCTest.framework */ = {isa = PBXFileReference; lastKnownFileType = wrapper.framework; name = XCTest.framework; path = Library/Frameworks/XCTest.framework; sourceTree = DEVELOPER_DIR; };
		37338B56197A355D00E663AA /* EHAnimatableNumberLabelTests-Info.plist */ = {isa = PBXFileReference; lastKnownFileType = text.plist.xml; path = "EHAnimatableNumberLabelTests-Info.plist"; sourceTree = "<group>"; };
		37338B58197A355D00E663AA /* en */ = {isa = PBXFileReference; lastKnownFileType = text.plist.strings; name = en; path = en.lproj/InfoPlist.strings; sourceTree = "<group>"; };
		37338B5A197A355D00E663AA /* EHAnimatableNumberLabelTests.m */ = {isa = PBXFileReference; lastKnownFileType = sourcecode.c.objc; path = EHAnimatableNumberLabelTests.m; sourceTree = "<group>"; };
/* End PBXFileReference section */

/* Begin PBXFrameworksBuildPhase section */
		37338B22197A355D00E663AA /* Frameworks */ = {
			isa = PBXFrameworksBuildPhase;
			buildActionMask = 2147483647;
			files = (
				37338B2B197A355D00E663AA /* CoreGraphics.framework in Frameworks */,
				37338B2D197A355D00E663AA /* UIKit.framework in Frameworks */,
				37338B2F197A355D00E663AA /* SpriteKit.framework in Frameworks */,
				37338B29197A355D00E663AA /* Foundation.framework in Frameworks */,
			);
			runOnlyForDeploymentPostprocessing = 0;
		};
		37338B4A197A355D00E663AA /* Frameworks */ = {
			isa = PBXFrameworksBuildPhase;
			buildActionMask = 2147483647;
			files = (
				37338B4F197A355D00E663AA /* XCTest.framework in Frameworks */,
				37338B51197A355D00E663AA /* UIKit.framework in Frameworks */,
				37338B50197A355D00E663AA /* Foundation.framework in Frameworks */,
			);
			runOnlyForDeploymentPostprocessing = 0;
		};
/* End PBXFrameworksBuildPhase section */

/* Begin PBXGroup section */
		37338B1C197A355D00E663AA = {
			isa = PBXGroup;
			children = (
				37338B30197A355D00E663AA /* EHAnimatableNumberLabel */,
				37338B54197A355D00E663AA /* EHAnimatableNumberLabelTests */,
				37338B27197A355D00E663AA /* Frameworks */,
				37338B26197A355D00E663AA /* Products */,
			);
			sourceTree = "<group>";
		};
		37338B26197A355D00E663AA /* Products */ = {
			isa = PBXGroup;
			children = (
				37338B25197A355D00E663AA /* EHAnimatableNumberLabel.app */,
				37338B4D197A355D00E663AA /* EHAnimatableNumberLabelTests.xctest */,
			);
			name = Products;
			sourceTree = "<group>";
		};
		37338B27197A355D00E663AA /* Frameworks */ = {
			isa = PBXGroup;
			children = (
				37338B28197A355D00E663AA /* Foundation.framework */,
				37338B2A197A355D00E663AA /* CoreGraphics.framework */,
				37338B2C197A355D00E663AA /* UIKit.framework */,
				37338B2E197A355D00E663AA /* SpriteKit.framework */,
				37338B4E197A355D00E663AA /* XCTest.framework */,
			);
			name = Frameworks;
			sourceTree = "<group>";
		};
		37338B30197A355D00E663AA /* EHAnimatableNumberLabel */ = {
			isa = PBXGroup;
			children = (
				37338B39197A355D00E663AA /* AppDelegate.h */,
				37338B3A197A355D00E663AA /* AppDelegate.m */,
				37338B3C197A355D00E663AA /* Main.storyboard */,
				37338B3F197A355D00E663AA /* ViewController.h */,
				37338B40197A355D00E663AA /* ViewController.m */,
				37338B42197A355D00E663AA /* MyScene.h */,
				37338B43197A355D00E663AA /* MyScene.m */,
				37338B45197A355D00E663AA /* Spaceship.png */,
				37338B47197A355D00E663AA /* Images.xcassets */,
				37338B31197A355D00E663AA /* Supporting Files */,
			);
			path = EHAnimatableNumberLabel;
			sourceTree = "<group>";
		};
		37338B31197A355D00E663AA /* Supporting Files */ = {
			isa = PBXGroup;
			children = (
				37338B32197A355D00E663AA /* EHAnimatableNumberLabel-Info.plist */,
				37338B33197A355D00E663AA /* InfoPlist.strings */,
				37338B36197A355D00E663AA /* main.m */,
				37338B38197A355D00E663AA /* EHAnimatableNumberLabel-Prefix.pch */,
			);
			name = "Supporting Files";
			sourceTree = "<group>";
		};
		37338B54197A355D00E663AA /* EHAnimatableNumberLabelTests */ = {
			isa = PBXGroup;
			children = (
				37338B5A197A355D00E663AA /* EHAnimatableNumberLabelTests.m */,
				37338B55197A355D00E663AA /* Supporting Files */,
			);
			path = EHAnimatableNumberLabelTests;
			sourceTree = "<group>";
		};
		37338B55197A355D00E663AA /* Supporting Files */ = {
			isa = PBXGroup;
			children = (
				37338B56197A355D00E663AA /* EHAnimatableNumberLabelTests-Info.plist */,
				37338B57197A355D00E663AA /* InfoPlist.strings */,
			);
			name = "Supporting Files";
			sourceTree = "<group>";
		};
/* End PBXGroup section */

/* Begin PBXNativeTarget section */
		37338B24197A355D00E663AA /* EHAnimatableNumberLabel */ = {
			isa = PBXNativeTarget;
			buildConfigurationList = 37338B5E197A355D00E663AA /* Build configuration list for PBXNativeTarget "EHAnimatableNumberLabel" */;
			buildPhases = (
				37338B21197A355D00E663AA /* Sources */,
				37338B22197A355D00E663AA /* Frameworks */,
				37338B23197A355D00E663AA /* Resources */,
			);
			buildRules = (
			);
			dependencies = (
			);
			name = EHAnimatableNumberLabel;
			productName = EHAnimatableNumberLabel;
			productReference = 37338B25197A355D00E663AA /* EHAnimatableNumberLabel.app */;
			productType = "com.apple.product-type.application";
		};
		37338B4C197A355D00E663AA /* EHAnimatableNumberLabelTests */ = {
			isa = PBXNativeTarget;
			buildConfigurationList = 37338B61197A355D00E663AA /* Build configuration list for PBXNativeTarget "EHAnimatableNumberLabelTests" */;
			buildPhases = (
				37338B49197A355D00E663AA /* Sources */,
				37338B4A197A355D00E663AA /* Frameworks */,
				37338B4B197A355D00E663AA /* Resources */,
			);
			buildRules = (
			);
			dependencies = (
				37338B53197A355D00E663AA /* PBXTargetDependency */,
			);
			name = EHAnimatableNumberLabelTests;
			productName = EHAnimatableNumberLabelTests;
			productReference = 37338B4D197A355D00E663AA /* EHAnimatableNumberLabelTests.xctest */;
			productType = "com.apple.product-type.bundle.unit-test";
		};
/* End PBXNativeTarget section */

/* Begin PBXProject section */
		37338B1D197A355D00E663AA /* Project object */ = {
			isa = PBXProject;
			attributes = {
				LastUpgradeCheck = 0510;
				ORGANIZATIONNAME = "Hani Ibrahim";
				TargetAttributes = {
					37338B4C197A355D00E663AA = {
						TestTargetID = 37338B24197A355D00E663AA;
					};
				};
			};
			buildConfigurationList = 37338B20197A355D00E663AA /* Build configuration list for PBXProject "EHAnimatableNumberLabel" */;
			compatibilityVersion = "Xcode 3.2";
			developmentRegion = English;
			hasScannedForEncodings = 0;
			knownRegions = (
				en,
				Base,
			);
			mainGroup = 37338B1C197A355D00E663AA;
			productRefGroup = 37338B26197A355D00E663AA /* Products */;
			projectDirPath = "";
			projectRoot = "";
			targets = (
				37338B24197A355D00E663AA /* EHAnimatableNumberLabel */,
				37338B4C197A355D00E663AA /* EHAnimatableNumberLabelTests */,
			);
		};
/* End PBXProject section */

/* Begin PBXResourcesBuildPhase section */
		37338B23197A355D00E663AA /* Resources */ = {
			isa = PBXResourcesBuildPhase;
			buildActionMask = 2147483647;
			files = (
				37338B35197A355D00E663AA /* InfoPlist.strings in Resources */,
				37338B48197A355D00E663AA /* Images.xcassets in Resources */,
				37338B46197A355D00E663AA /* Spaceship.png in Resources */,
				37338B3E197A355D00E663AA /* Main.storyboard in Resources */,
			);
			runOnlyForDeploymentPostprocessing = 0;
		};
		37338B4B197A355D00E663AA /* Resources */ = {
			isa = PBXResourcesBuildPhase;
			buildActionMask = 2147483647;
			files = (
				37338B59197A355D00E663AA /* InfoPlist.strings in Resources */,
			);
			runOnlyForDeploymentPostprocessing = 0;
		};
/* End PBXResourcesBuildPhase section */

/* Begin PBXSourcesBuildPhase section */
		37338B21197A355D00E663AA /* Sources */ = {
			isa = PBXSourcesBuildPhase;
			buildActionMask = 2147483647;
			files = (
				37338B44197A355D00E663AA /* MyScene.m in Sources */,
				37338B41197A355D00E663AA /* ViewController.m in Sources */,
				37338B3B197A355D00E663AA /* AppDelegate.m in Sources */,
				37338B37197A355D00E663AA /* main.m in Sources */,
			);
			runOnlyForDeploymentPostprocessing = 0;
		};
		37338B49197A355D00E663AA /* Sources */ = {
			isa = PBXSourcesBuildPhase;
			buildActionMask = 2147483647;
			files = (
				37338B5B197A355D00E663AA /* EHAnimatableNumberLabelTests.m in Sources */,
			);
			runOnlyForDeploymentPostprocessing = 0;
		};
/* End PBXSourcesBuildPhase section */

/* Begin PBXTargetDependency section */
		37338B53197A355D00E663AA /* PBXTargetDependency */ = {
			isa = PBXTargetDependency;
			target = 37338B24197A355D00E663AA /* EHAnimatableNumberLabel */;
			targetProxy = 37338B52197A355D00E663AA /* PBXContainerItemProxy */;
		};
/* End PBXTargetDependency section */

/* Begin PBXVariantGroup section */
		37338B33197A355D00E663AA /* InfoPlist.strings */ = {
			isa = PBXVariantGroup;
			children = (
				37338B34197A355D00E663AA /* en */,
			);
			name = InfoPlist.strings;
			sourceTree = "<group>";
		};
		37338B3C197A355D00E663AA /* Main.storyboard */ = {
			isa = PBXVariantGroup;
			children = (
				37338B3D197A355D00E663AA /* Base */,
			);
			name = Main.storyboard;
			sourceTree = "<group>";
		};
		37338B57197A355D00E663AA /* InfoPlist.strings */ = {
			isa = PBXVariantGroup;
			children = (
				37338B58197A355D00E663AA /* en */,
			);
			name = InfoPlist.strings;
			sourceTree = "<group>";
		};
/* End PBXVariantGroup section */

/* Begin XCBuildConfiguration section */
		37338B5C197A355D00E663AA /* Debug */ = {
			isa = XCBuildConfiguration;
			buildSettings = {
				ALWAYS_SEARCH_USER_PATHS = NO;
				CLANG_CXX_LANGUAGE_STANDARD = "gnu++0x";
				CLANG_CXX_LIBRARY = "libc++";
				CLANG_ENABLE_MODULES = YES;
				CLANG_ENABLE_OBJC_ARC = YES;
				CLANG_WARN_BOOL_CONVERSION = YES;
				CLANG_WARN_CONSTANT_CONVERSION = YES;
				CLANG_WARN_DIRECT_OBJC_ISA_USAGE = YES_ERROR;
				CLANG_WARN_EMPTY_BODY = YES;
				CLANG_WARN_ENUM_CONVERSION = YES;
				CLANG_WARN_INT_CONVERSION = YES;
				CLANG_WARN_OBJC_ROOT_CLASS = YES_ERROR;
				CLANG_WARN__DUPLICATE_METHOD_MATCH = YES;
				"CODE_SIGN_IDENTITY[sdk=iphoneos*]" = "iPhone Developer";
				COPY_PHASE_STRIP = NO;
				GCC_C_LANGUAGE_STANDARD = gnu99;
				GCC_DYNAMIC_NO_PIC = NO;
				GCC_OPTIMIZATION_LEVEL = 0;
				GCC_PREPROCESSOR_DEFINITIONS = (
					"DEBUG=1",
					"$(inherited)",
				);
				GCC_SYMBOLS_PRIVATE_EXTERN = NO;
				GCC_WARN_64_TO_32_BIT_CONVERSION = YES;
				GCC_WARN_ABOUT_RETURN_TYPE = YES_ERROR;
				GCC_WARN_UNDECLARED_SELECTOR = YES;
				GCC_WARN_UNINITIALIZED_AUTOS = YES_AGGRESSIVE;
				GCC_WARN_UNUSED_FUNCTION = YES;
				GCC_WARN_UNUSED_VARIABLE = YES;
				IPHONEOS_DEPLOYMENT_TARGET = 7.1;
				ONLY_ACTIVE_ARCH = YES;
				SDKROOT = iphoneos;
			};
			name = Debug;
		};
		37338B5D197A355D00E663AA /* Release */ = {
			isa = XCBuildConfiguration;
			buildSettings = {
				ALWAYS_SEARCH_USER_PATHS = NO;
				CLANG_CXX_LANGUAGE_STANDARD = "gnu++0x";
				CLANG_CXX_LIBRARY = "libc++";
				CLANG_ENABLE_MODULES = YES;
				CLANG_ENABLE_OBJC_ARC = YES;
				CLANG_WARN_BOOL_CONVERSION = YES;
				CLANG_WARN_CONSTANT_CONVERSION = YES;
				CLANG_WARN_DIRECT_OBJC_ISA_USAGE = YES_ERROR;
				CLANG_WARN_EMPTY_BODY = YES;
				CLANG_WARN_ENUM_CONVERSION = YES;
				CLANG_WARN_INT_CONVERSION = YES;
				CLANG_WARN_OBJC_ROOT_CLASS = YES_ERROR;
				CLANG_WARN__DUPLICATE_METHOD_MATCH = YES;
				"CODE_SIGN_IDENTITY[sdk=iphoneos*]" = "iPhone Developer";
				COPY_PHASE_STRIP = YES;
				ENABLE_NS_ASSERTIONS = NO;
				GCC_C_LANGUAGE_STANDARD = gnu99;
				GCC_WARN_64_TO_32_BIT_CONVERSION = YES;
				GCC_WARN_ABOUT_RETURN_TYPE = YES_ERROR;
				GCC_WARN_UNDECLARED_SELECTOR = YES;
				GCC_WARN_UNINITIALIZED_AUTOS = YES_AGGRESSIVE;
				GCC_WARN_UNUSED_FUNCTION = YES;
				GCC_WARN_UNUSED_VARIABLE = YES;
				IPHONEOS_DEPLOYMENT_TARGET = 7.1;
				SDKROOT = iphoneos;
				VALIDATE_PRODUCT = YES;
			};
			name = Release;
		};
		37338B5F197A355D00E663AA /* Debug */ = {
			isa = XCBuildConfiguration;
			buildSettings = {
				ASSETCATALOG_COMPILER_APPICON_NAME = AppIcon;
				ASSETCATALOG_COMPILER_LAUNCHIMAGE_NAME = LaunchImage;
				GCC_PRECOMPILE_PREFIX_HEADER = YES;
				GCC_PREFIX_HEADER = "EHAnimatableNumberLabel/EHAnimatableNumberLabel-Prefix.pch";
				INFOPLIST_FILE = "EHAnimatableNumberLabel/EHAnimatableNumberLabel-Info.plist";
				PRODUCT_NAME = "$(TARGET_NAME)";
				SPRITEKIT_TEXTURE_ATLAS_OUTPUT = YES;
				WRAPPER_EXTENSION = app;
			};
			name = Debug;
		};
		37338B60197A355D00E663AA /* Release */ = {
			isa = XCBuildConfiguration;
			buildSettings = {
				ASSETCATALOG_COMPILER_APPICON_NAME = AppIcon;
				ASSETCATALOG_COMPILER_LAUNCHIMAGE_NAME = LaunchImage;
				GCC_PRECOMPILE_PREFIX_HEADER = YES;
				GCC_PREFIX_HEADER = "EHAnimatableNumberLabel/EHAnimatableNumberLabel-Prefix.pch";
				INFOPLIST_FILE = "EHAnimatableNumberLabel/EHAnimatableNumberLabel-Info.plist";
				PRODUCT_NAME = "$(TARGET_NAME)";
				SPRITEKIT_TEXTURE_ATLAS_OUTPUT = YES;
				WRAPPER_EXTENSION = app;
			};
			name = Release;
		};
		37338B62197A355D00E663AA /* Debug */ = {
			isa = XCBuildConfiguration;
			buildSettings = {
				BUNDLE_LOADER = "$(BUILT_PRODUCTS_DIR)/EHAnimatableNumberLabel.app/EHAnimatableNumberLabel";
				FRAMEWORK_SEARCH_PATHS = (
					"$(SDKROOT)/Developer/Library/Frameworks",
					"$(inherited)",
					"$(DEVELOPER_FRAMEWORKS_DIR)",
				);
				GCC_PRECOMPILE_PREFIX_HEADER = YES;
				GCC_PREFIX_HEADER = "EHAnimatableNumberLabel/EHAnimatableNumberLabel-Prefix.pch";
				GCC_PREPROCESSOR_DEFINITIONS = (
					"DEBUG=1",
					"$(inherited)",
				);
				INFOPLIST_FILE = "EHAnimatableNumberLabelTests/EHAnimatableNumberLabelTests-Info.plist";
				PRODUCT_NAME = "$(TARGET_NAME)";
				TEST_HOST = "$(BUNDLE_LOADER)";
				WRAPPER_EXTENSION = xctest;
			};
			name = Debug;
		};
		37338B63197A355D00E663AA /* Release */ = {
			isa = XCBuildConfiguration;
			buildSettings = {
				BUNDLE_LOADER = "$(BUILT_PRODUCTS_DIR)/EHAnimatableNumberLabel.app/EHAnimatableNumberLabel";
				FRAMEWORK_SEARCH_PATHS = (
					"$(SDKROOT)/Developer/Library/Frameworks",
					"$(inherited)",
					"$(DEVELOPER_FRAMEWORKS_DIR)",
				);
				GCC_PRECOMPILE_PREFIX_HEADER = YES;
				GCC_PREFIX_HEADER = "EHAnimatableNumberLabel/EHAnimatableNumberLabel-Prefix.pch";
				INFOPLIST_FILE = "EHAnimatableNumberLabelTests/EHAnimatableNumberLabelTests-Info.plist";
				PRODUCT_NAME = "$(TARGET_NAME)";
				TEST_HOST = "$(BUNDLE_LOADER)";
				WRAPPER_EXTENSION = xctest;
			};
			name = Release;
		};
/* End XCBuildConfiguration section */

/* Begin XCConfigurationList section */
		37338B20197A355D00E663AA /* Build configuration list for PBXProject "EHAnimatableNumberLabel" */ = {
			isa = XCConfigurationList;
			buildConfigurations = (
				37338B5C197A355D00E663AA /* Debug */,
				37338B5D197A355D00E663AA /* Release */,
			);
			defaultConfigurationIsVisible = 0;
			defaultConfigurationName = Release;
		};
		37338B5E197A355D00E663AA /* Build configuration list for PBXNativeTarget "EHAnimatableNumberLabel" */ = {
			isa = XCConfigurationList;
			buildConfigurations = (
				37338B5F197A355D00E663AA /* Debug */,
				37338B60197A355D00E663AA /* Release */,
			);
			defaultConfigurationIsVisible = 0;
		};
		37338B61197A355D00E663AA /* Build configuration list for PBXNativeTarget "EHAnimatableNumberLabelTests" */ = {
			isa = XCConfigurationList;
			buildConfigurations = (
				37338B62197A355D00E663AA /* Debug */,
				37338B63197A355D00E663AA /* Release */,
			);
			defaultConfigurationIsVisible = 0;
		};
/* End XCConfigurationList section */
	};
	rootObject = 37338B1D197A355D00E663AA /* Project object */;
}
